
Microsoft Visual Studio Solution File, Format Version 12.00
# Visual Studio 15
VisualStudioVersion = 15.0.28010.2048
MinimumVisualStudioVersion = 10.0.40219.1
Project("{FAE04EC0-301F-11D3-BF4B-00C04F79EFBC}") = "SVBImport", "SVBImport\SVBImport.csproj", "{033E4EE6-09FB-4CF0-AE26-0746A792C9F9}"
EndProject
Global
	GlobalSection(SolutionConfigurationPlatforms) = preSolution
		Debug|Any CPU = Debug|Any CPU
		Release|Any CPU = Release|Any CPU
	EndGlobalSection
	GlobalSection(ProjectConfigurationPlatforms) = postSolution
		{033E4EE6-09FB-4CF0-AE26-0746A792C9F9}.Debug|Any CPU.ActiveCfg = Debug|Any CPU
		{033E4EE6-09FB-4CF0-AE26-0746A792C9F9}.Debug|Any CPU.Build.0 = Debug|Any CPU
		{033E4EE6-09FB-4CF0-AE26-0746A792C9F9}.Release|Any CPU.ActiveCfg = Release|Any CPU
		{033E4EE6-09FB-4CF0-AE26-0746A792C9F9}.Release|Any CPU.Build.0 = Release|Any CPU
	EndGlobalSection
	GlobalSection(SolutionProperties) = preSolution
		HideSolutionNode = FALSE
	EndGlobalSection
	GlobalSection(ExtensibilityGlobals) = postSolution
		SolutionGuid = {940B50C2-96C5-47F5-80C6-BEC5B8F892C9}
	EndGlobalSection
EndGlobal
